
Microsoft Visual Studio Solution File, Format Version 12.00
# Visual Studio Version 17
VisualStudioVersion = 17.7.34202.233
MinimumVisualStudioVersion = 10.0.40219.1
Project("{FAE04EC0-301F-11D3-BF4B-00C04F79EFBC}") = "Kapibara_game", "Kapibara_game\Kapibara_game.csproj", "{A84DECAA-E6F4-468C-8354-AEB4D2F6840A}"
EndProject
Global
	GlobalSection(SolutionConfigurationPlatforms) = preSolution
		Debug|Any CPU = Debug|Any CPU
		Release|Any CPU = Release|Any CPU
	EndGlobalSection
	GlobalSection(ProjectConfigurationPlatforms) = postSolution
		{A84DECAA-E6F4-468C-8354-AEB4D2F6840A}.Debug|Any CPU.ActiveCfg = Debug|Any CPU
		{A84DECAA-E6F4-468C-8354-AEB4D2F6840A}.Debug|Any CPU.Build.0 = Debug|Any CPU
		{A84DECAA-E6F4-468C-8354-AEB4D2F6840A}.Release|Any CPU.ActiveCfg = Release|Any CPU
		{A84DECAA-E6F4-468C-8354-AEB4D2F6840A}.Release|Any CPU.Build.0 = Release|Any CPU
	EndGlobalSection
	GlobalSection(SolutionProperties) = preSolution
		HideSolutionNode = FALSE
	EndGlobalSection
	GlobalSection(ExtensibilityGlobals) = postSolution
		SolutionGuid = {5D342048-D6A3-4EFF-88B4-780006A3B459}
	EndGlobalSection
EndGlobal
